
Microsoft Visual Studio Solution File, Format Version 12.00
# Visual Studio 15
VisualStudioVersion = 15.0.27130.2027
MinimumVisualStudioVersion = 10.0.40219.1
Project("{FAE04EC0-301F-11D3-BF4B-00C04F79EFBC}") = "Strobify", "Strobify.csproj", "{B1B3C76E-00F2-4370-A9A3-EA57EF5F6AAF}"
EndProject
Global
	GlobalSection(SolutionConfigurationPlatforms) = preSolution
		Debug|Any CPU = Debug|Any CPU
		Release|Any CPU = Release|Any CPU
	EndGlobalSection
	GlobalSection(ProjectConfigurationPlatforms) = postSolution
		{B1B3C76E-00F2-4370-A9A3-EA57EF5F6AAF}.Debug|Any CPU.ActiveCfg = Debug|Any CPU
		{B1B3C76E-00F2-4370-A9A3-EA57EF5F6AAF}.Debug|Any CPU.Build.0 = Debug|Any CPU
		{B1B3C76E-00F2-4370-A9A3-EA57EF5F6AAF}.Release|Any CPU.ActiveCfg = Release|Any CPU
		{B1B3C76E-00F2-4370-A9A3-EA57EF5F6AAF}.Release|Any CPU.Build.0 = Release|Any CPU
	EndGlobalSection
	GlobalSection(SolutionProperties) = preSolution
		HideSolutionNode = FALSE
	EndGlobalSection
	GlobalSection(ExtensibilityGlobals) = postSolution
		SolutionGuid = {86910616-B4EC-4F9B-94E5-5439744C92E4}
	EndGlobalSection
EndGlobal
